
Microsoft Visual Studio Solution File, Format Version 12.00
# Visual Studio Version 17
VisualStudioVersion = 17.13.35919.96
MinimumVisualStudioVersion = 10.0.40219.1
Project("{2150E333-8FDC-42A3-9474-1A3956D46DE8}") = "Services", "Services", "{1BF33212-1C04-4DFB-9021-737D75A2A6BF}"
EndProject
Project("{2150E333-8FDC-42A3-9474-1A3956D46DE8}") = "Web", "Web", "{DAF0F0C9-255B-4558-9846-8174472395A4}"
EndProject
Project("{FAE04EC0-301F-11D3-BF4B-00C04F79EFBC}") = "Eedi.Business", "Eedi.Business\Eedi.Business.csproj", "{6A836530-1333-410C-9A8C-51A74D31A152}"
EndProject
Project("{FAE04EC0-301F-11D3-BF4B-00C04F79EFBC}") = "Eedi.Business.Entities", "Eedi.Business.Entities\Eedi.Business.Entities.csproj", "{677A350C-2E48-42DA-A0BB-443DC27BAD36}"
EndProject
Project("{FAE04EC0-301F-11D3-BF4B-00C04F79EFBC}") = "Eedi.Business.Contract", "Eedi.Business.Contract\Eedi.Business.Contract.csproj", "{BE2A536F-E424-4CEA-B7B0-DA37BB17FE79}"
EndProject
Project("{FAE04EC0-301F-11D3-BF4B-00C04F79EFBC}") = "Eedi.Api", "Eedi.Api\Eedi.Api.csproj", "{43BC6105-E95E-43EB-847A-4738AB866211}"
EndProject
Project("{2150E333-8FDC-42A3-9474-1A3956D46DE8}") = "Solution Item", "Solution Item", "{02EA681E-C7D8-13C7-8484-4AC65E1B71E8}"
	ProjectSection(SolutionItems) = preProject
		README.md = README.md
	EndProjectSection
EndProject
Project("{2150E333-8FDC-42A3-9474-1A3956D46DE8}") = "Tests", "Tests", "{7E169C2E-FBEE-4769-8F79-25377BFDD7C1}"
EndProject
Project("{FAE04EC0-301F-11D3-BF4B-00C04F79EFBC}") = "Eedi.UnitTests", "Eedi.UnitTests\Eedi.UnitTests.csproj", "{05DC0653-BEB1-4560-B5A2-95B623E960D8}"
EndProject
Project("{2150E333-8FDC-42A3-9474-1A3956D46DE8}") = "Common", "Common", "{0B79C047-25DD-4EBB-AA90-61B2FF8C2EA8}"
EndProject
Project("{FAE04EC0-301F-11D3-BF4B-00C04F79EFBC}") = "Eedi.Utils", "Eedi.Utils\Eedi.Utils.csproj", "{C46B4222-3C6C-42B2-AD14-998B0CD614DC}"
EndProject
Global
	GlobalSection(SolutionConfigurationPlatforms) = preSolution
		Debug|Any CPU = Debug|Any CPU
		Release|Any CPU = Release|Any CPU
	EndGlobalSection
	GlobalSection(ProjectConfigurationPlatforms) = postSolution
		{6A836530-1333-410C-9A8C-51A74D31A152}.Debug|Any CPU.ActiveCfg = Debug|Any CPU
		{6A836530-1333-410C-9A8C-51A74D31A152}.Debug|Any CPU.Build.0 = Debug|Any CPU
		{6A836530-1333-410C-9A8C-51A74D31A152}.Release|Any CPU.ActiveCfg = Release|Any CPU
		{6A836530-1333-410C-9A8C-51A74D31A152}.Release|Any CPU.Build.0 = Release|Any CPU
		{677A350C-2E48-42DA-A0BB-443DC27BAD36}.Debug|Any CPU.ActiveCfg = Debug|Any CPU
		{677A350C-2E48-42DA-A0BB-443DC27BAD36}.Debug|Any CPU.Build.0 = Debug|Any CPU
		{677A350C-2E48-42DA-A0BB-443DC27BAD36}.Release|Any CPU.ActiveCfg = Release|Any CPU
		{677A350C-2E48-42DA-A0BB-443DC27BAD36}.Release|Any CPU.Build.0 = Release|Any CPU
		{BE2A536F-E424-4CEA-B7B0-DA37BB17FE79}.Debug|Any CPU.ActiveCfg = Debug|Any CPU
		{BE2A536F-E424-4CEA-B7B0-DA37BB17FE79}.Debug|Any CPU.Build.0 = Debug|Any CPU
		{BE2A536F-E424-4CEA-B7B0-DA37BB17FE79}.Release|Any CPU.ActiveCfg = Release|Any CPU
		{BE2A536F-E424-4CEA-B7B0-DA37BB17FE79}.Release|Any CPU.Build.0 = Release|Any CPU
		{43BC6105-E95E-43EB-847A-4738AB866211}.Debug|Any CPU.ActiveCfg = Debug|Any CPU
		{43BC6105-E95E-43EB-847A-4738AB866211}.Debug|Any CPU.Build.0 = Debug|Any CPU
		{43BC6105-E95E-43EB-847A-4738AB866211}.Release|Any CPU.ActiveCfg = Release|Any CPU
		{43BC6105-E95E-43EB-847A-4738AB866211}.Release|Any CPU.Build.0 = Release|Any CPU
		{05DC0653-BEB1-4560-B5A2-95B623E960D8}.Debug|Any CPU.ActiveCfg = Debug|Any CPU
		{05DC0653-BEB1-4560-B5A2-95B623E960D8}.Debug|Any CPU.Build.0 = Debug|Any CPU
		{05DC0653-BEB1-4560-B5A2-95B623E960D8}.Release|Any CPU.ActiveCfg = Release|Any CPU
		{05DC0653-BEB1-4560-B5A2-95B623E960D8}.Release|Any CPU.Build.0 = Release|Any CPU
		{C46B4222-3C6C-42B2-AD14-998B0CD614DC}.Debug|Any CPU.ActiveCfg = Debug|Any CPU
		{C46B4222-3C6C-42B2-AD14-998B0CD614DC}.Debug|Any CPU.Build.0 = Debug|Any CPU
		{C46B4222-3C6C-42B2-AD14-998B0CD614DC}.Release|Any CPU.ActiveCfg = Release|Any CPU
		{C46B4222-3C6C-42B2-AD14-998B0CD614DC}.Release|Any CPU.Build.0 = Release|Any CPU
	EndGlobalSection
	GlobalSection(SolutionProperties) = preSolution
		HideSolutionNode = FALSE
	EndGlobalSection
	GlobalSection(NestedProjects) = preSolution
		{6A836530-1333-410C-9A8C-51A74D31A152} = {1BF33212-1C04-4DFB-9021-737D75A2A6BF}
		{677A350C-2E48-42DA-A0BB-443DC27BAD36} = {1BF33212-1C04-4DFB-9021-737D75A2A6BF}
		{BE2A536F-E424-4CEA-B7B0-DA37BB17FE79} = {1BF33212-1C04-4DFB-9021-737D75A2A6BF}
		{43BC6105-E95E-43EB-847A-4738AB866211} = {DAF0F0C9-255B-4558-9846-8174472395A4}
		{05DC0653-BEB1-4560-B5A2-95B623E960D8} = {7E169C2E-FBEE-4769-8F79-25377BFDD7C1}
		{C46B4222-3C6C-42B2-AD14-998B0CD614DC} = {0B79C047-25DD-4EBB-AA90-61B2FF8C2EA8}
	EndGlobalSection
	GlobalSection(ExtensibilityGlobals) = postSolution
		SolutionGuid = {D06C200F-57CF-42B6-87DF-EA1485318C4A}
	EndGlobalSection
EndGlobal
